
Microsoft Visual Studio Solution File, Format Version 12.00
# Visual Studio 15
VisualStudioVersion = 15.0.27703.2000
MinimumVisualStudioVersion = 10.0.40219.1
Project("{FAE04EC0-301F-11D3-BF4B-00C04F79EFBC}") = "TelemetrySystem", "TelemetrySystem\TelemetrySystem.csproj", "{D7EC9BFE-41FD-4C3C-8440-91B67FC20DAB}"
EndProject
Project("{FAE04EC0-301F-11D3-BF4B-00C04F79EFBC}") = "TelemetrySystemTests", "TelemetrySystemTests\TelemetrySystemTests.csproj", "{D188FD71-E2E7-4F32-B715-17CF8F642FE5}"
EndProject
Global
	GlobalSection(SolutionConfigurationPlatforms) = preSolution
		Debug|Any CPU = Debug|Any CPU
		Release|Any CPU = Release|Any CPU
	EndGlobalSection
	GlobalSection(ProjectConfigurationPlatforms) = postSolution
		{D7EC9BFE-41FD-4C3C-8440-91B67FC20DAB}.Debug|Any CPU.ActiveCfg = Debug|Any CPU
		{D7EC9BFE-41FD-4C3C-8440-91B67FC20DAB}.Debug|Any CPU.Build.0 = Debug|Any CPU
		{D7EC9BFE-41FD-4C3C-8440-91B67FC20DAB}.Release|Any CPU.ActiveCfg = Release|Any CPU
		{D7EC9BFE-41FD-4C3C-8440-91B67FC20DAB}.Release|Any CPU.Build.0 = Release|Any CPU
		{D188FD71-E2E7-4F32-B715-17CF8F642FE5}.Debug|Any CPU.ActiveCfg = Debug|Any CPU
		{D188FD71-E2E7-4F32-B715-17CF8F642FE5}.Debug|Any CPU.Build.0 = Debug|Any CPU
		{D188FD71-E2E7-4F32-B715-17CF8F642FE5}.Release|Any CPU.ActiveCfg = Release|Any CPU
		{D188FD71-E2E7-4F32-B715-17CF8F642FE5}.Release|Any CPU.Build.0 = Release|Any CPU
	EndGlobalSection
	GlobalSection(SolutionProperties) = preSolution
		HideSolutionNode = FALSE
	EndGlobalSection
	GlobalSection(ExtensibilityGlobals) = postSolution
		SolutionGuid = {6B090ED3-D907-4656-98CA-0F136F6DA745}
	EndGlobalSection
EndGlobal
